// !$*UTF8*$!
{
	archiveVersion = 1;
	classes = {
	};
	objectVersion = 55;
	objects = {

/* Begin PBXBuildFile section */
		27475B152851F57500E1C53A /* AppDelegate.swift in Sources */ = {isa = PBXBuildFile; fileRef = 27475B142851F57500E1C53A /* AppDelegate.swift */; };
		27475B172851F57500E1C53A /* SceneDelegate.swift in Sources */ = {isa = PBXBuildFile; fileRef = 27475B162851F57500E1C53A /* SceneDelegate.swift */; };
		27475B192851F57500E1C53A /* LoginViewController.swift in Sources */ = {isa = PBXBuildFile; fileRef = 27475B182851F57500E1C53A /* LoginViewController.swift */; };
		27475B1C2851F57500E1C53A /* Main.storyboard in Resources */ = {isa = PBXBuildFile; fileRef = 27475B1A2851F57500E1C53A /* Main.storyboard */; };
		27475B1E2851F57900E1C53A /* Assets.xcassets in Resources */ = {isa = PBXBuildFile; fileRef = 27475B1D2851F57900E1C53A /* Assets.xcassets */; };
		27475B212851F57900E1C53A /* LaunchScreen.storyboard in Resources */ = {isa = PBXBuildFile; fileRef = 27475B1F2851F57900E1C53A /* LaunchScreen.storyboard */; };
		27475B292853504700E1C53A /* GreetingViewController.swift in Sources */ = {isa = PBXBuildFile; fileRef = 27475B282853504700E1C53A /* GreetingViewController.swift */; };
		27475B2F285CC70400E1C53A /* User.swift in Sources */ = {isa = PBXBuildFile; fileRef = 27475B2E285CC70400E1C53A /* User.swift */; };
/* End PBXBuildFile section */

/* Begin PBXFileReference section */
		27475B112851F57500E1C53A /* Login23.app */ = {isa = PBXFileReference; explicitFileType = wrapper.application; includeInIndex = 0; path = Login23.app; sourceTree = BUILT_PRODUCTS_DIR; };
		27475B142851F57500E1C53A /* AppDelegate.swift */ = {isa = PBXFileReference; lastKnownFileType = sourcecode.swift; path = AppDelegate.swift; sourceTree = "<group>"; };
		27475B162851F57500E1C53A /* SceneDelegate.swift */ = {isa = PBXFileReference; lastKnownFileType = sourcecode.swift; path = SceneDelegate.swift; sourceTree = "<group>"; };
		27475B182851F57500E1C53A /* LoginViewController.swift */ = {isa = PBXFileReference; lastKnownFileType = sourcecode.swift; path = LoginViewController.swift; sourceTree = "<group>"; };
		27475B1B2851F57500E1C53A /* Base */ = {isa = PBXFileReference; lastKnownFileType = file.storyboard; name = Base; path = Base.lproj/Main.storyboard; sourceTree = "<group>"; };
		27475B1D2851F57900E1C53A /* Assets.xcassets */ = {isa = PBXFileReference; lastKnownFileType = folder.assetcatalog; path = Assets.xcassets; sourceTree = "<group>"; };
		27475B202851F57900E1C53A /* Base */ = {isa = PBXFileReference; lastKnownFileType = file.storyboard; name = Base; path = Base.lproj/LaunchScreen.storyboard; sourceTree = "<group>"; };
		27475B222851F57900E1C53A /* Info.plist */ = {isa = PBXFileReference; lastKnownFileType = text.plist.xml; path = Info.plist; sourceTree = "<group>"; };
		27475B282853504700E1C53A /* GreetingViewController.swift */ = {isa = PBXFileReference; lastKnownFileType = sourcecode.swift; path = GreetingViewController.swift; sourceTree = "<group>"; };
		27475B2E285CC70400E1C53A /* User.swift */ = {isa = PBXFileReference; lastKnownFileType = sourcecode.swift; path = User.swift; sourceTree = "<group>"; };
/* End PBXFileReference section */

/* Begin PBXFrameworksBuildPhase section */
		27475B0E2851F57500E1C53A /* Frameworks */ = {
			isa = PBXFrameworksBuildPhase;
			buildActionMask = 2147483647;
			files = (
			);
			runOnlyForDeploymentPostprocessing = 0;
		};
/* End PBXFrameworksBuildPhase section */

/* Begin PBXGroup section */
		27475B082851F57500E1C53A = {
			isa = PBXGroup;
			children = (
				27475B132851F57500E1C53A /* Login23 */,
				27475B122851F57500E1C53A /* Products */,
			);
			sourceTree = "<group>";
		};
		27475B122851F57500E1C53A /* Products */ = {
			isa = PBXGroup;
			children = (
				27475B112851F57500E1C53A /* Login23.app */,
			);
			name = Products;
			sourceTree = "<group>";
		};
		27475B132851F57500E1C53A /* Login23 */ = {
			isa = PBXGroup;
			children = (
				27475B2D285CC6D100E1C53A /* Models */,
				27475B2A285C8B4700E1C53A /* ViewControllers */,
				27475B2C285C8BAC00E1C53A /* App */,
				27475B2B285C8B8000E1C53A /* Storyboards */,
			);
			path = Login23;
			sourceTree = "<group>";
		};
		27475B2A285C8B4700E1C53A /* ViewControllers */ = {
			isa = PBXGroup;
			children = (
				27475B182851F57500E1C53A /* LoginViewController.swift */,
				27475B282853504700E1C53A /* GreetingViewController.swift */,
			);
			path = ViewControllers;
			sourceTree = "<group>";
		};
		27475B2B285C8B8000E1C53A /* Storyboards */ = {
			isa = PBXGroup;
			children = (
				27475B1A2851F57500E1C53A /* Main.storyboard */,
				27475B1F2851F57900E1C53A /* LaunchScreen.storyboard */,
			);
			path = Storyboards;
			sourceTree = "<group>";
		};
		27475B2C285C8BAC00E1C53A /* App */ = {
			isa = PBXGroup;
			children = (
				27475B142851F57500E1C53A /* AppDelegate.swift */,
				27475B162851F57500E1C53A /* SceneDelegate.swift */,
				27475B1D2851F57900E1C53A /* Assets.xcassets */,
				27475B222851F57900E1C53A /* Info.plist */,
			);
			path = App;
			sourceTree = "<group>";
		};
		27475B2D285CC6D100E1C53A /* Models */ = {
			isa = PBXGroup;
			children = (
				27475B2E285CC70400E1C53A /* User.swift */,
			);
			path = Models;
			sourceTree = "<group>";
		};
/* End PBXGroup section */

/* Begin PBXNativeTarget section */
		27475B102851F57500E1C53A /* Login23 */ = {
			isa = PBXNativeTarget;
			buildConfigurationList = 27475B252851F57900E1C53A /* Build configuration list for PBXNativeTarget "Login23" */;
			buildPhases = (
				27475B0D2851F57500E1C53A /* Sources */,
				27475B0E2851F57500E1C53A /* Frameworks */,
				27475B0F2851F57500E1C53A /* Resources */,
			);
			buildRules = (
			);
			dependencies = (
			);
			name = Login23;
			productName = Login23;
			productReference = 27475B112851F57500E1C53A /* Login23.app */;
			productType = "com.apple.product-type.application";
		};
/* End PBXNativeTarget section */

/* Begin PBXProject section */
		27475B092851F57500E1C53A /* Project object */ = {
			isa = PBXProject;
			attributes = {
				BuildIndependentTargetsInParallel = 1;
				LastSwiftUpdateCheck = 1320;
				LastUpgradeCheck = 1320;
				TargetAttributes = {
					27475B102851F57500E1C53A = {
						CreatedOnToolsVersion = 13.2.1;
					};
				};
			};
			buildConfigurationList = 27475B0C2851F57500E1C53A /* Build configuration list for PBXProject "Login23" */;
			compatibilityVersion = "Xcode 13.0";
			developmentRegion = en;
			hasScannedForEncodings = 0;
			knownRegions = (
				en,
				Base,
			);
			mainGroup = 27475B082851F57500E1C53A;
			productRefGroup = 27475B122851F57500E1C53A /* Products */;
			projectDirPath = "";
			projectRoot = "";
			targets = (
				27475B102851F57500E1C53A /* Login23 */,
			);
		};
/* End PBXProject section */

/* Begin PBXResourcesBuildPhase section */
		27475B0F2851F57500E1C53A /* Resources */ = {
			isa = PBXResourcesBuildPhase;
			buildActionMask = 2147483647;
			files = (
				27475B212851F57900E1C53A /* LaunchScreen.storyboard in Resources */,
				27475B1E2851F57900E1C53A /* Assets.xcassets in Resources */,
				27475B1C2851F57500E1C53A /* Main.storyboard in Resources */,
			);
			runOnlyForDeploymentPostprocessing = 0;
		};
/* End PBXResourcesBuildPhase section */

/* Begin PBXSourcesBuildPhase section */
		27475B0D2851F57500E1C53A /* Sources */ = {
			isa = PBXSourcesBuildPhase;
			buildActionMask = 2147483647;
			files = (
				27475B192851F57500E1C53A /* LoginViewController.swift in Sources */,
				27475B152851F57500E1C53A /* AppDelegate.swift in Sources */,
				27475B172851F57500E1C53A /* SceneDelegate.swift in Sources */,
				27475B2F285CC70400E1C53A /* User.swift in Sources */,
				27475B292853504700E1C53A /* GreetingViewController.swift in Sources */,
			);
			runOnlyForDeploymentPostprocessing = 0;
		};
/* End PBXSourcesBuildPhase section */

/* Begin PBXVariantGroup section */
		27475B1A2851F57500E1C53A /* Main.storyboard */ = {
			isa = PBXVariantGroup;
			children = (
				27475B1B2851F57500E1C53A /* Base */,
			);
			name = Main.storyboard;
			sourceTree = "<group>";
		};
		27475B1F2851F57900E1C53A /* LaunchScreen.storyboard */ = {
			isa = PBXVariantGroup;
			children = (
				27475B202851F57900E1C53A /* Base */,
			);
			name = LaunchScreen.storyboard;
			sourceTree = "<group>";
		};
/* End PBXVariantGroup section */

/* Begin XCBuildConfiguration section */
		27475B232851F57900E1C53A /* Debug */ = {
			isa = XCBuildConfiguration;
			buildSettings = {
				ALWAYS_SEARCH_USER_PATHS = NO;
				CLANG_ANALYZER_NONNULL = YES;
				CLANG_ANALYZER_NUMBER_OBJECT_CONVERSION = YES_AGGRESSIVE;
				CLANG_CXX_LANGUAGE_STANDARD = "gnu++17";
				CLANG_CXX_LIBRARY = "libc++";
				CLANG_ENABLE_MODULES = YES;
				CLANG_ENABLE_OBJC_ARC = YES;
				CLANG_ENABLE_OBJC_WEAK = YES;
				CLANG_WARN_BLOCK_CAPTURE_AUTORELEASING = YES;
				CLANG_WARN_BOOL_CONVERSION = YES;
				CLANG_WARN_COMMA = YES;
				CLANG_WARN_CONSTANT_CONVERSION = YES;
				CLANG_WARN_DEPRECATED_OBJC_IMPLEMENTATIONS = YES;
				CLANG_WARN_DIRECT_OBJC_ISA_USAGE = YES_ERROR;
				CLANG_WARN_DOCUMENTATION_COMMENTS = YES;
				CLANG_WARN_EMPTY_BODY = YES;
				CLANG_WARN_ENUM_CONVERSION = YES;
				CLANG_WARN_INFINITE_RECURSION = YES;
				CLANG_WARN_INT_CONVERSION = YES;
				CLANG_WARN_NON_LITERAL_NULL_CONVERSION = YES;
				CLANG_WARN_OBJC_IMPLICIT_RETAIN_SELF = YES;
				CLANG_WARN_OBJC_LITERAL_CONVERSION = YES;
				CLANG_WARN_OBJC_ROOT_CLASS = YES_ERROR;
				CLANG_WARN_QUOTED_INCLUDE_IN_FRAMEWORK_HEADER = YES;
				CLANG_WARN_RANGE_LOOP_ANALYSIS = YES;
				CLANG_WARN_STRICT_PROTOTYPES = YES;
				CLANG_WARN_SUSPICIOUS_MOVE = YES;
				CLANG_WARN_UNGUARDED_AVAILABILITY = YES_AGGRESSIVE;
				CLANG_WARN_UNREACHABLE_CODE = YES;
				CLANG_WARN__DUPLICATE_METHOD_MATCH = YES;
				COPY_PHASE_STRIP = NO;
				DEBUG_INFORMATION_FORMAT = dwarf;
				ENABLE_STRICT_OBJC_MSGSEND = YES;
				ENABLE_TESTABILITY = YES;
				GCC_C_LANGUAGE_STANDARD = gnu11;
				GCC_DYNAMIC_NO_PIC = NO;
				GCC_NO_COMMON_BLOCKS = YES;
				GCC_OPTIMIZATION_LEVEL = 0;
				GCC_PREPROCESSOR_DEFINITIONS = (
					"DEBUG=1",
					"$(inherited)",
				);
				GCC_WARN_64_TO_32_BIT_CONVERSION = YES;
				GCC_WARN_ABOUT_RETURN_TYPE = YES_ERROR;
				GCC_WARN_UNDECLARED_SELECTOR = YES;
				GCC_WARN_UNINITIALIZED_AUTOS = YES_AGGRESSIVE;
				GCC_WARN_UNUSED_FUNCTION = YES;
				GCC_WARN_UNUSED_VARIABLE = YES;
				IPHONEOS_DEPLOYMENT_TARGET = 15.2;
				MTL_ENABLE_DEBUG_INFO = INCLUDE_SOURCE;
				MTL_FAST_MATH = YES;
				ONLY_ACTIVE_ARCH = YES;
				SDKROOT = iphoneos;
				SWIFT_ACTIVE_COMPILATION_CONDITIONS = DEBUG;
				SWIFT_OPTIMIZATION_LEVEL = "-Onone";
			};
			name = Debug;
		};
		27475B242851F57900E1C53A /* Release */ = {
			isa = XCBuildConfiguration;
			buildSettings = {
				ALWAYS_SEARCH_USER_PATHS = NO;
				CLANG_ANALYZER_NONNULL = YES;
				CLANG_ANALYZER_NUMBER_OBJECT_CONVERSION = YES_AGGRESSIVE;
				CLANG_CXX_LANGUAGE_STANDARD = "gnu++17";
				CLANG_CXX_LIBRARY = "libc++";
				CLANG_ENABLE_MODULES = YES;
				CLANG_ENABLE_OBJC_ARC = YES;
				CLANG_ENABLE_OBJC_WEAK = YES;
				CLANG_WARN_BLOCK_CAPTURE_AUTORELEASING = YES;
				CLANG_WARN_BOOL_CONVERSION = YES;
				CLANG_WARN_COMMA = YES;
				CLANG_WARN_CONSTANT_CONVERSION = YES;
				CLANG_WARN_DEPRECATED_OBJC_IMPLEMENTATIONS = YES;
				CLANG_WARN_DIRECT_OBJC_ISA_USAGE = YES_ERROR;
				CLANG_WARN_DOCUMENTATION_COMMENTS = YES;
				CLANG_WARN_EMPTY_BODY = YES;
				CLANG_WARN_ENUM_CONVERSION = YES;
				CLANG_WARN_INFINITE_RECURSION = YES;
				CLANG_WARN_INT_CONVERSION = YES;
				CLANG_WARN_NON_LITERAL_NULL_CONVERSION = YES;
				CLANG_WARN_OBJC_IMPLICIT_RETAIN_SELF = YES;
				CLANG_WARN_OBJC_LITERAL_CONVERSION = YES;
				CLANG_WARN_OBJC_ROOT_CLASS = YES_ERROR;
				CLANG_WARN_QUOTED_INCLUDE_IN_FRAMEWORK_HEADER = YES;
				CLANG_WARN_RANGE_LOOP_ANALYSIS = YES;
				CLANG_WARN_STRICT_PROTOTYPES = YES;
				CLANG_WARN_SUSPICIOUS_MOVE = YES;
				CLANG_WARN_UNGUARDED_AVAILABILITY = YES_AGGRESSIVE;
				CLANG_WARN_UNREACHABLE_CODE = YES;
				CLANG_WARN__DUPLICATE_METHOD_MATCH = YES;
				COPY_PHASE_STRIP = NO;
				DEBUG_INFORMATION_FORMAT = "dwarf-with-dsym";
				ENABLE_NS_ASSERTIONS = NO;
				ENABLE_STRICT_OBJC_MSGSEND = YES;
				GCC_C_LANGUAGE_STANDARD = gnu11;
				GCC_NO_COMMON_BLOCKS = YES;
				GCC_WARN_64_TO_32_BIT_CONVERSION = YES;
				GCC_WARN_ABOUT_RETURN_TYPE = YES_ERROR;
				GCC_WARN_UNDECLARED_SELECTOR = YES;
				GCC_WARN_UNINITIALIZED_AUTOS = YES_AGGRESSIVE;
				GCC_WARN_UNUSED_FUNCTION = YES;
				GCC_WARN_UNUSED_VARIABLE = YES;
				IPHONEOS_DEPLOYMENT_TARGET = 15.2;
				MTL_ENABLE_DEBUG_INFO = NO;
				MTL_FAST_MATH = YES;
				SDKROOT = iphoneos;
				SWIFT_COMPILATION_MODE = wholemodule;
				SWIFT_OPTIMIZATION_LEVEL = "-O";
				VALIDATE_PRODUCT = YES;
			};
			name = Release;
		};
		27475B262851F57900E1C53A /* Debug */ = {
			isa = XCBuildConfiguration;
			buildSettings = {
				ASSETCATALOG_COMPILER_APPICON_NAME = AppIcon;
				ASSETCATALOG_COMPILER_GLOBAL_ACCENT_COLOR_NAME = AccentColor;
				CODE_SIGN_STYLE = Automatic;
				CURRENT_PROJECT_VERSION = 1;
				DEVELOPMENT_TEAM = R7N2GQJZB3;
				GENERATE_INFOPLIST_FILE = YES;
				INFOPLIST_FILE = Login23/App/Info.plist;
				INFOPLIST_KEY_UIApplicationSupportsIndirectInputEvents = YES;
				INFOPLIST_KEY_UILaunchStoryboardName = LaunchScreen;
				INFOPLIST_KEY_UIMainStoryboardFile = Main;
				INFOPLIST_KEY_UISupportedInterfaceOrientations_iPad = "UIInterfaceOrientationPortrait UIInterfaceOrientationPortraitUpsideDown UIInterfaceOrientationLandscapeLeft UIInterfaceOrientationLandscapeRight";
				INFOPLIST_KEY_UISupportedInterfaceOrientations_iPhone = "UIInterfaceOrientationPortrait UIInterfaceOrientationLandscapeLeft UIInterfaceOrientationLandscapeRight";
				LD_RUNPATH_SEARCH_PATHS = (
					"$(inherited)",
					"@executable_path/Frameworks",
				);
				MARKETING_VERSION = 1.0;
				PRODUCT_BUNDLE_IDENTIFIER = olgayourchooke.Login23;
				PRODUCT_NAME = "$(TARGET_NAME)";
				SWIFT_EMIT_LOC_STRINGS = YES;
				SWIFT_VERSION = 5.0;
				TARGETED_DEVICE_FAMILY = "1,2";
			};
			name = Debug;
		};
		27475B272851F57900E1C53A /* Release */ = {
			isa = XCBuildConfiguration;
			buildSettings = {
				ASSETCATALOG_COMPILER_APPICON_NAME = AppIcon;
				ASSETCATALOG_COMPILER_GLOBAL_ACCENT_COLOR_NAME = AccentColor;
				CODE_SIGN_STYLE = Automatic;
				CURRENT_PROJECT_VERSION = 1;
				DEVELOPMENT_TEAM = R7N2GQJZB3;
				GENERATE_INFOPLIST_FILE = YES;
				INFOPLIST_FILE = Login23/App/Info.plist;
				INFOPLIST_KEY_UIApplicationSupportsIndirectInputEvents = YES;
				INFOPLIST_KEY_UILaunchStoryboardName = LaunchScreen;
				INFOPLIST_KEY_UIMainStoryboardFile = Main;
				INFOPLIST_KEY_UISupportedInterfaceOrientations_iPad = "UIInterfaceOrientationPortrait UIInterfaceOrientationPortraitUpsideDown UIInterfaceOrientationLandscapeLeft UIInterfaceOrientationLandscapeRight";
				INFOPLIST_KEY_UISupportedInterfaceOrientations_iPhone = "UIInterfaceOrientationPortrait UIInterfaceOrientationLandscapeLeft UIInterfaceOrientationLandscapeRight";
				LD_RUNPATH_SEARCH_PATHS = (
					"$(inherited)",
					"@executable_path/Frameworks",
				);
				MARKETING_VERSION = 1.0;
				PRODUCT_BUNDLE_IDENTIFIER = olgayourchooke.Login23;
				PRODUCT_NAME = "$(TARGET_NAME)";
				SWIFT_EMIT_LOC_STRINGS = YES;
				SWIFT_VERSION = 5.0;
				TARGETED_DEVICE_FAMILY = "1,2";
			};
			name = Release;
		};
/* End XCBuildConfiguration section */

/* Begin XCConfigurationList section */
		27475B0C2851F57500E1C53A /* Build configuration list for PBXProject "Login23" */ = {
			isa = XCConfigurationList;
			buildConfigurations = (
				27475B232851F57900E1C53A /* Debug */,
				27475B242851F57900E1C53A /* Release */,
			);
			defaultConfigurationIsVisible = 0;
			defaultConfigurationName = Release;
		};
		27475B252851F57900E1C53A /* Build configuration list for PBXNativeTarget "Login23" */ = {
			isa = XCConfigurationList;
			buildConfigurations = (
				27475B262851F57900E1C53A /* Debug */,
				27475B272851F57900E1C53A /* Release */,
			);
			defaultConfigurationIsVisible = 0;
			defaultConfigurationName = Release;
		};
/* End XCConfigurationList section */
	};
	rootObject = 27475B092851F57500E1C53A /* Project object */;
}
